
Microsoft Visual Studio Solution File, Format Version 12.00
# Visual Studio 2015
Project("{FAE04EC0-301F-11D3-BF4B-00C04F79EFBC}") = "ColAR.CSharp", "ColAR.CSharp.csproj", "{65BD503A-13D1-47DF-C9A8-4B2D7D860266}"
EndProject
Project("{FAE04EC0-301F-11D3-BF4B-00C04F79EFBC}") = "ColAR.CSharp.Editor", "ColAR.CSharp.Editor.csproj", "{35F50921-A1DC-C693-87B3-E8664E47C97D}"
EndProject
Global
	GlobalSection(SolutionConfigurationPlatforms) = preSolution
		Debug|Any CPU = Debug|Any CPU
		Release|Any CPU = Release|Any CPU
	EndGlobalSection
	GlobalSection(ProjectConfigurationPlatforms) = postSolution
		{65BD503A-13D1-47DF-C9A8-4B2D7D860266}.Debug|Any CPU.ActiveCfg = Debug|Any CPU
		{65BD503A-13D1-47DF-C9A8-4B2D7D860266}.Debug|Any CPU.Build.0 = Debug|Any CPU
		{65BD503A-13D1-47DF-C9A8-4B2D7D860266}.Release|Any CPU.ActiveCfg = Release|Any CPU
		{65BD503A-13D1-47DF-C9A8-4B2D7D860266}.Release|Any CPU.Build.0 = Release|Any CPU
		{35F50921-A1DC-C693-87B3-E8664E47C97D}.Debug|Any CPU.ActiveCfg = Debug|Any CPU
		{35F50921-A1DC-C693-87B3-E8664E47C97D}.Debug|Any CPU.Build.0 = Debug|Any CPU
		{35F50921-A1DC-C693-87B3-E8664E47C97D}.Release|Any CPU.ActiveCfg = Release|Any CPU
		{35F50921-A1DC-C693-87B3-E8664E47C97D}.Release|Any CPU.Build.0 = Release|Any CPU
	EndGlobalSection
	GlobalSection(SolutionProperties) = preSolution
		HideSolutionNode = FALSE
	EndGlobalSection
EndGlobal
